
Microsoft Visual Studio Solution File, Format Version 12.00
# Visual Studio Version 17
VisualStudioVersion = 17.3.32811.315
MinimumVisualStudioVersion = 10.0.40219.1
Project("{9A19103F-16F7-4668-BE54-9A1E7A4F7556}") = "DataverseToSql.Core", "DataverseToSql.Core\DataverseToSql.Core.csproj", "{3F0B5376-B376-4993-9A69-9F349F5EA4FD}"
EndProject
Project("{9A19103F-16F7-4668-BE54-9A1E7A4F7556}") = "DataverseToSql.Cli", "DataverseToSql.Cli\DataverseToSql.Cli.csproj", "{C94625AA-E9B4-4440-A42F-9BCFAE8903A9}"
EndProject
Project("{9A19103F-16F7-4668-BE54-9A1E7A4F7556}") = "DataverseToSql.Function", "DataverseToSql.Function\DataverseToSql.Function.csproj", "{18944B2C-E048-4AEC-970D-706399699AA7}"
EndProject
Project("{9A19103F-16F7-4668-BE54-9A1E7A4F7556}") = "AzureStorageFileProvider", "AzureStorageFileProvider\AzureStorageFileProvider.csproj", "{D8540958-8097-4870-ACE8-C2EDD98EFA08}"
EndProject
Project("{9A19103F-16F7-4668-BE54-9A1E7A4F7556}") = "BlockBlobClientRangeCopyExtension", "BlockBlobClientRangeCopyExtension\BlockBlobClientRangeCopyExtension.csproj", "{05513D19-00D2-40E5-9134-D8646BD97F8A}"
EndProject
Global
	GlobalSection(SolutionConfigurationPlatforms) = preSolution
		Debug|Any CPU = Debug|Any CPU
		Release|Any CPU = Release|Any CPU
	EndGlobalSection
	GlobalSection(ProjectConfigurationPlatforms) = postSolution
		{3F0B5376-B376-4993-9A69-9F349F5EA4FD}.Debug|Any CPU.ActiveCfg = Debug|Any CPU
		{3F0B5376-B376-4993-9A69-9F349F5EA4FD}.Debug|Any CPU.Build.0 = Debug|Any CPU
		{3F0B5376-B376-4993-9A69-9F349F5EA4FD}.Release|Any CPU.ActiveCfg = Release|Any CPU
		{3F0B5376-B376-4993-9A69-9F349F5EA4FD}.Release|Any CPU.Build.0 = Release|Any CPU
		{C94625AA-E9B4-4440-A42F-9BCFAE8903A9}.Debug|Any CPU.ActiveCfg = Debug|Any CPU
		{C94625AA-E9B4-4440-A42F-9BCFAE8903A9}.Debug|Any CPU.Build.0 = Debug|Any CPU
		{C94625AA-E9B4-4440-A42F-9BCFAE8903A9}.Release|Any CPU.ActiveCfg = Release|Any CPU
		{C94625AA-E9B4-4440-A42F-9BCFAE8903A9}.Release|Any CPU.Build.0 = Release|Any CPU
		{18944B2C-E048-4AEC-970D-706399699AA7}.Debug|Any CPU.ActiveCfg = Debug|Any CPU
		{18944B2C-E048-4AEC-970D-706399699AA7}.Debug|Any CPU.Build.0 = Debug|Any CPU
		{18944B2C-E048-4AEC-970D-706399699AA7}.Release|Any CPU.ActiveCfg = Release|Any CPU
		{18944B2C-E048-4AEC-970D-706399699AA7}.Release|Any CPU.Build.0 = Release|Any CPU
		{D8540958-8097-4870-ACE8-C2EDD98EFA08}.Debug|Any CPU.ActiveCfg = Debug|Any CPU
		{D8540958-8097-4870-ACE8-C2EDD98EFA08}.Debug|Any CPU.Build.0 = Debug|Any CPU
		{D8540958-8097-4870-ACE8-C2EDD98EFA08}.Release|Any CPU.ActiveCfg = Release|Any CPU
		{D8540958-8097-4870-ACE8-C2EDD98EFA08}.Release|Any CPU.Build.0 = Release|Any CPU
		{05513D19-00D2-40E5-9134-D8646BD97F8A}.Debug|Any CPU.ActiveCfg = Debug|Any CPU
		{05513D19-00D2-40E5-9134-D8646BD97F8A}.Debug|Any CPU.Build.0 = Debug|Any CPU
		{05513D19-00D2-40E5-9134-D8646BD97F8A}.Release|Any CPU.ActiveCfg = Release|Any CPU
		{05513D19-00D2-40E5-9134-D8646BD97F8A}.Release|Any CPU.Build.0 = Release|Any CPU
	EndGlobalSection
	GlobalSection(SolutionProperties) = preSolution
		HideSolutionNode = FALSE
	EndGlobalSection
	GlobalSection(ExtensibilityGlobals) = postSolution
		SolutionGuid = {F6F44F42-1D38-4A8D-9694-52F4861F3653}
	EndGlobalSection
EndGlobal
